
Microsoft Visual Studio Solution File, Format Version 12.00
# Visual Studio Version 16
VisualStudioVersion = 16.6.30114.105
MinimumVisualStudioVersion = 10.0.40219.1
Project("{FAE04EC0-301F-11D3-BF4B-00C04F79EFBC}") = "KeyValueSet", "src\KeyValueSet.csproj", "{874BF0A7-DC06-4289-874F-14ADDC0DB4C2}"
EndProject
Project("{FAE04EC0-301F-11D3-BF4B-00C04F79EFBC}") = "KeyValueSet.Tests", "tests\KeyValueSet.Tests.csproj", "{D9E8A2A3-2545-4F1C-8303-B60F1FEAEE88}"
EndProject
Global
	GlobalSection(SolutionConfigurationPlatforms) = preSolution
		Debug|Any CPU = Debug|Any CPU
		Debug|x64 = Debug|x64
		Debug|x86 = Debug|x86
		Release|Any CPU = Release|Any CPU
		Release|x64 = Release|x64
		Release|x86 = Release|x86
	EndGlobalSection
	GlobalSection(SolutionProperties) = preSolution
		HideSolutionNode = FALSE
	EndGlobalSection
	GlobalSection(ProjectConfigurationPlatforms) = postSolution
		{874BF0A7-DC06-4289-874F-14ADDC0DB4C2}.Debug|Any CPU.ActiveCfg = Debug|Any CPU
		{874BF0A7-DC06-4289-874F-14ADDC0DB4C2}.Debug|Any CPU.Build.0 = Debug|Any CPU
		{874BF0A7-DC06-4289-874F-14ADDC0DB4C2}.Debug|x64.ActiveCfg = Debug|Any CPU
		{874BF0A7-DC06-4289-874F-14ADDC0DB4C2}.Debug|x64.Build.0 = Debug|Any CPU
		{874BF0A7-DC06-4289-874F-14ADDC0DB4C2}.Debug|x86.ActiveCfg = Debug|Any CPU
		{874BF0A7-DC06-4289-874F-14ADDC0DB4C2}.Debug|x86.Build.0 = Debug|Any CPU
		{874BF0A7-DC06-4289-874F-14ADDC0DB4C2}.Release|Any CPU.ActiveCfg = Release|Any CPU
		{874BF0A7-DC06-4289-874F-14ADDC0DB4C2}.Release|Any CPU.Build.0 = Release|Any CPU
		{874BF0A7-DC06-4289-874F-14ADDC0DB4C2}.Release|x64.ActiveCfg = Release|Any CPU
		{874BF0A7-DC06-4289-874F-14ADDC0DB4C2}.Release|x64.Build.0 = Release|Any CPU
		{874BF0A7-DC06-4289-874F-14ADDC0DB4C2}.Release|x86.ActiveCfg = Release|Any CPU
		{874BF0A7-DC06-4289-874F-14ADDC0DB4C2}.Release|x86.Build.0 = Release|Any CPU
		{D9E8A2A3-2545-4F1C-8303-B60F1FEAEE88}.Debug|Any CPU.ActiveCfg = Debug|Any CPU
		{D9E8A2A3-2545-4F1C-8303-B60F1FEAEE88}.Debug|Any CPU.Build.0 = Debug|Any CPU
		{D9E8A2A3-2545-4F1C-8303-B60F1FEAEE88}.Debug|x64.ActiveCfg = Debug|Any CPU
		{D9E8A2A3-2545-4F1C-8303-B60F1FEAEE88}.Debug|x64.Build.0 = Debug|Any CPU
		{D9E8A2A3-2545-4F1C-8303-B60F1FEAEE88}.Debug|x86.ActiveCfg = Debug|Any CPU
		{D9E8A2A3-2545-4F1C-8303-B60F1FEAEE88}.Debug|x86.Build.0 = Debug|Any CPU
		{D9E8A2A3-2545-4F1C-8303-B60F1FEAEE88}.Release|Any CPU.ActiveCfg = Release|Any CPU
		{D9E8A2A3-2545-4F1C-8303-B60F1FEAEE88}.Release|Any CPU.Build.0 = Release|Any CPU
		{D9E8A2A3-2545-4F1C-8303-B60F1FEAEE88}.Release|x64.ActiveCfg = Release|Any CPU
		{D9E8A2A3-2545-4F1C-8303-B60F1FEAEE88}.Release|x64.Build.0 = Release|Any CPU
		{D9E8A2A3-2545-4F1C-8303-B60F1FEAEE88}.Release|x86.ActiveCfg = Release|Any CPU
		{D9E8A2A3-2545-4F1C-8303-B60F1FEAEE88}.Release|x86.Build.0 = Release|Any CPU
	EndGlobalSection
EndGlobal
